
Microsoft Visual Studio Solution File, Format Version 12.00
# Visual Studio Version 16
VisualStudioVersion = 16.0.32413.511
MinimumVisualStudioVersion = 10.0.40219.1
Project("{FAE04EC0-301F-11D3-BF4B-00C04F79EFBC}") = "GitHubJenkins", "GitHubJenkins.csproj", "{88376685-7623-4C48-AC51-272F181DC381}"
EndProject
Global
	GlobalSection(SolutionConfigurationPlatforms) = preSolution
		Debug|Any CPU = Debug|Any CPU
		Release|Any CPU = Release|Any CPU
	EndGlobalSection
	GlobalSection(ProjectConfigurationPlatforms) = postSolution
		{88376685-7623-4C48-AC51-272F181DC381}.Debug|Any CPU.ActiveCfg = Debug|Any CPU
		{88376685-7623-4C48-AC51-272F181DC381}.Debug|Any CPU.Build.0 = Debug|Any CPU
		{88376685-7623-4C48-AC51-272F181DC381}.Release|Any CPU.ActiveCfg = Release|Any CPU
		{88376685-7623-4C48-AC51-272F181DC381}.Release|Any CPU.Build.0 = Release|Any CPU
	EndGlobalSection
	GlobalSection(SolutionProperties) = preSolution
		HideSolutionNode = FALSE
	EndGlobalSection
	GlobalSection(ExtensibilityGlobals) = postSolution
		SolutionGuid = {B34BA850-1ED5-49BC-88BF-8CCB0D06903B}
	EndGlobalSection
EndGlobal
